// !$*UTF8*$!
{ archiveVersion = 1; classes = {}; objectVersion = 56; objects = {
6838273A0C9A28BECEFF6870 = { isa = PBXFileReference; lastKnownFileType = sourcecode.swift; path = "Shared/LiveEncoder.swift"; sourceTree = "<group>"; };
885B5D688977B3A52D0A3C8B = { isa = PBXBuildFile; fileRef = 6838273A0C9A28BECEFF6870; };
D275689C8761BA01AD8C6E92 = { isa = PBXFileReference; lastKnownFileType = sourcecode.swift; path = "Shared/NanboStudioApp.swift"; sourceTree = "<group>"; };
8F988B5397E1E6FC4926276E = { isa = PBXBuildFile; fileRef = D275689C8761BA01AD8C6E92; };
16922D9403F99D0C615335E6 = { isa = PBXFileReference; lastKnownFileType = sourcecode.swift; path = "Shared/StudioWebView.swift"; sourceTree = "<group>"; };
34E5C36C6716F83598048585 = { isa = PBXBuildFile; fileRef = 16922D9403F99D0C615335E6; };
6A819AE4D78855694B5F1DCA = { isa = PBXFileReference; lastKnownFileType = sourcecode.swift; path = "Shared/WebUpdateStore.swift"; sourceTree = "<group>"; };
383297880B5D40EDDEF1D0D9 = { isa = PBXBuildFile; fileRef = 6A819AE4D78855694B5F1DCA; };
CA84D1343B96BAA8137C943E = { isa = PBXFileReference; lastKnownFileType = folder; path = Web; sourceTree = "<group>"; };
F163761556E4FCE3571A4014 = { isa = PBXBuildFile; fileRef = CA84D1343B96BAA8137C943E; };
38A007151ABE87CC01A5B6E9 = { isa = PBXFileReference; explicitFileType = wrapper.application; path = NanboStudio.app; sourceTree = BUILT_PRODUCTS_DIR; };
64292B1C2B2E13EAD8788FC8 = { isa = PBXGroup; children = (6838273A0C9A28BECEFF6870,D275689C8761BA01AD8C6E92,16922D9403F99D0C615335E6,6A819AE4D78855694B5F1DCA,CA84D1343B96BAA8137C943E,FBDC4F23F93125BBEEAE800C); sourceTree = "<group>"; };
FBDC4F23F93125BBEEAE800C = { isa = PBXGroup; children = (38A007151ABE87CC01A5B6E9); name = Products; sourceTree = "<group>"; };
60C4A7BCE9558CB20D9ADDCB = { isa = PBXSourcesBuildPhase; buildActionMask = 2147483647; files = (885B5D688977B3A52D0A3C8B,8F988B5397E1E6FC4926276E,34E5C36C6716F83598048585,383297880B5D40EDDEF1D0D9); runOnlyForDeploymentPostprocessing = 0; };
6AC696A880E335123309EDD3 = { isa = PBXResourcesBuildPhase; buildActionMask = 2147483647; files = (F163761556E4FCE3571A4014); runOnlyForDeploymentPostprocessing = 0; };
7561BFB015D8F536760CB671 = { isa = PBXFrameworksBuildPhase; buildActionMask = 2147483647; files = (); runOnlyForDeploymentPostprocessing = 0; };
ED8772ADEC3A6C25161BC957 = { isa = XCBuildConfiguration; name = Debug; buildSettings = { CLANG_ENABLE_MODULES = YES; SWIFT_VERSION = 5.0; }; };
4D8F54E7CBAF670D9F6C230D = { isa = XCBuildConfiguration; name = Debug; buildSettings = { PRODUCT_NAME = "NanboStudio";PRODUCT_BUNDLE_IDENTIFIER = "com.nanbostudio.studio";SDKROOT = "auto";SUPPORTED_PLATFORMS = "macosx iphoneos iphonesimulator";MACOSX_DEPLOYMENT_TARGET = "13.0";IPHONEOS_DEPLOYMENT_TARGET = "16.0";TARGETED_DEVICE_FAMILY = "1,2";SUPPORTS_MACCATALYST = "NO";CODE_SIGN_STYLE = "Automatic";GENERATE_INFOPLIST_FILE = "YES";INFOPLIST_KEY_CFBundleDisplayName = "南铂制作";INFOPLIST_KEY_NSPhotoLibraryAddUsageDescription = "点击保存时，将制作的照片或实况照片添加到你的相册。";INFOPLIST_KEY_NSHighResolutionCapable = "YES";INFOPLIST_KEY_UILaunchScreen_Generation = "YES";INFOPLIST_KEY_UIApplicationSceneManifest_Generation = "YES";MARKETING_VERSION = "1.1";CURRENT_PROJECT_VERSION = "2";SWIFT_OPTIMIZATION_LEVEL = "-Onone";ENABLE_HARDENED_RUNTIME = "YES";COMBINE_HIDPI_IMAGES = "YES";SWIFT_EMIT_LOC_STRINGS = "YES"; }; };
00F209874A1F7309F6DCEAA7 = { isa = XCBuildConfiguration; name = Release; buildSettings = { CLANG_ENABLE_MODULES = YES; SWIFT_VERSION = 5.0; }; };
1A6EFC2CD0AF63DD14BE0438 = { isa = XCBuildConfiguration; name = Release; buildSettings = { PRODUCT_NAME = "NanboStudio";PRODUCT_BUNDLE_IDENTIFIER = "com.nanbostudio.studio";SDKROOT = "auto";SUPPORTED_PLATFORMS = "macosx iphoneos iphonesimulator";MACOSX_DEPLOYMENT_TARGET = "13.0";IPHONEOS_DEPLOYMENT_TARGET = "16.0";TARGETED_DEVICE_FAMILY = "1,2";SUPPORTS_MACCATALYST = "NO";CODE_SIGN_STYLE = "Automatic";GENERATE_INFOPLIST_FILE = "YES";INFOPLIST_KEY_CFBundleDisplayName = "南铂制作";INFOPLIST_KEY_NSPhotoLibraryAddUsageDescription = "点击保存时，将制作的照片或实况照片添加到你的相册。";INFOPLIST_KEY_NSHighResolutionCapable = "YES";INFOPLIST_KEY_UILaunchScreen_Generation = "YES";INFOPLIST_KEY_UIApplicationSceneManifest_Generation = "YES";MARKETING_VERSION = "1.1";CURRENT_PROJECT_VERSION = "2";SWIFT_OPTIMIZATION_LEVEL = "-O";ENABLE_HARDENED_RUNTIME = "YES";COMBINE_HIDPI_IMAGES = "YES";SWIFT_EMIT_LOC_STRINGS = "YES"; }; };
640DC9EFD529235A8D9E2727 = { isa = XCConfigurationList; buildConfigurations = (ED8772ADEC3A6C25161BC957,00F209874A1F7309F6DCEAA7); defaultConfigurationIsVisible = 0; defaultConfigurationName = Release; };
976B52545947CA66FD9EF2A4 = { isa = XCConfigurationList; buildConfigurations = (4D8F54E7CBAF670D9F6C230D,1A6EFC2CD0AF63DD14BE0438); defaultConfigurationIsVisible = 0; defaultConfigurationName = Release; };
0E8A3AD980EC179856012B7E = { isa = PBXNativeTarget; buildConfigurationList = 976B52545947CA66FD9EF2A4; buildPhases = (60C4A7BCE9558CB20D9ADDCB,7561BFB015D8F536760CB671,6AC696A880E335123309EDD3); buildRules = (); dependencies = (); name = NanboStudio; productName = NanboStudio; productReference = 38A007151ABE87CC01A5B6E9; productType = "com.apple.product-type.application"; };
98F54143AB4E86B28C3AFEE0 = { isa = PBXProject; attributes = { LastUpgradeCheck = 1520; }; buildConfigurationList = 640DC9EFD529235A8D9E2727; compatibilityVersion = "Xcode 14.0"; developmentRegion = zh_CN; hasScannedForEncodings = 0; knownRegions = (zh_CN,en,Base); mainGroup = 64292B1C2B2E13EAD8788FC8; productRefGroup = FBDC4F23F93125BBEEAE800C; projectDirPath = ""; projectRoot = ""; targets = (0E8A3AD980EC179856012B7E); };
}; rootObject = 98F54143AB4E86B28C3AFEE0; }
